
Microsoft Visual Studio Solution File, Format Version 12.00
# Visual Studio Version 17
VisualStudioVersion = 17.7.34009.444
MinimumVisualStudioVersion = 10.0.40219.1
Project("{FAE04EC0-301F-11D3-BF4B-00C04F79EFBC}") = "02_RestWithASPNET_Persons", "02_RestWithASPNET_Persons\02_RestWithASPNET_Persons.csproj", "{6AF34671-EF24-4C93-9FC3-2EE316DC7C51}"
EndProject
Global
	GlobalSection(SolutionConfigurationPlatforms) = preSolution
		Debug|Any CPU = Debug|Any CPU
		Release|Any CPU = Release|Any CPU
	EndGlobalSection
	GlobalSection(ProjectConfigurationPlatforms) = postSolution
		{6AF34671-EF24-4C93-9FC3-2EE316DC7C51}.Debug|Any CPU.ActiveCfg = Debug|Any CPU
		{6AF34671-EF24-4C93-9FC3-2EE316DC7C51}.Debug|Any CPU.Build.0 = Debug|Any CPU
		{6AF34671-EF24-4C93-9FC3-2EE316DC7C51}.Release|Any CPU.ActiveCfg = Release|Any CPU
		{6AF34671-EF24-4C93-9FC3-2EE316DC7C51}.Release|Any CPU.Build.0 = Release|Any CPU
	EndGlobalSection
	GlobalSection(SolutionProperties) = preSolution
		HideSolutionNode = FALSE
	EndGlobalSection
	GlobalSection(ExtensibilityGlobals) = postSolution
		SolutionGuid = {06C8F3DC-B02C-4AE6-9869-56A1506B113A}
	EndGlobalSection
EndGlobal
